// !$*UTF8*$!
{
	archiveVersion = 1;
	classes = {
	};
	objectVersion = 52;
	objects = {

/* Begin PBXBuildFile section */
		4514CCA42563F476004F0DDA /* SignUpView.swift in Sources */ = {isa = PBXBuildFile; fileRef = 4514CCA32563F476004F0DDA /* SignUpView.swift */; };
		453C239F2563346900ACD1EB /* SettingsView.swift in Sources */ = {isa = PBXBuildFile; fileRef = 453C239E2563346900ACD1EB /* SettingsView.swift */; };
		453C23A22563366600ACD1EB /* RecipeDetailView.swift in Sources */ = {isa = PBXBuildFile; fileRef = 453C23A12563366600ACD1EB /* RecipeDetailView.swift */; };
		457390E0257FE181003772B4 /* SignUpValidation.swift in Sources */ = {isa = PBXBuildFile; fileRef = 457390DF257FE181003772B4 /* SignUpValidation.swift */; };
		457390E4257FE2B9003772B4 /* TextFieldInvalid.swift in Sources */ = {isa = PBXBuildFile; fileRef = 457390E3257FE2B9003772B4 /* TextFieldInvalid.swift */; };
		457D716725865FFB00188165 /* RecipesWithDifficultyView.swift in Sources */ = {isa = PBXBuildFile; fileRef = 457D716625865FFB00188165 /* RecipesWithDifficultyView.swift */; };
		457D716A258665CE00188165 /* RecipesWithCuisineView.swift in Sources */ = {isa = PBXBuildFile; fileRef = 457D7169258665CE00188165 /* RecipesWithCuisineView.swift */; };
		457D716F258676C800188165 /* FirebaseAnalytics in Frameworks */ = {isa = PBXBuildFile; productRef = 457D716E258676C800188165 /* FirebaseAnalytics */; };
		457D7171258676C800188165 /* FirebaseFirestoreSwift-Beta in Frameworks */ = {isa = PBXBuildFile; productRef = 457D7170258676C800188165 /* FirebaseFirestoreSwift-Beta */; };
		457D7173258676C800188165 /* FirebaseStorage in Frameworks */ = {isa = PBXBuildFile; productRef = 457D7172258676C800188165 /* FirebaseStorage */; };
		457D7175258676C800188165 /* FirebaseAuth in Frameworks */ = {isa = PBXBuildFile; productRef = 457D7174258676C800188165 /* FirebaseAuth */; };
		457D7177258676C800188165 /* FirebaseFirestore in Frameworks */ = {isa = PBXBuildFile; productRef = 457D7176258676C800188165 /* FirebaseFirestore */; };
		457D7179258676C800188165 /* FirebaseStorageSwift-Beta in Frameworks */ = {isa = PBXBuildFile; productRef = 457D7178258676C800188165 /* FirebaseStorageSwift-Beta */; };
		457D719325876A3700188165 /* SDWebImageSwiftUI in Frameworks */ = {isa = PBXBuildFile; productRef = 457D719225876A3700188165 /* SDWebImageSwiftUI */; };
		457D719625876F0300188165 /* RecipeCardView.swift in Sources */ = {isa = PBXBuildFile; fileRef = 457D719525876F0300188165 /* RecipeCardView.swift */; };
		45937E1625641CAE00E8BBA9 /* User.swift in Sources */ = {isa = PBXBuildFile; fileRef = 45937E1525641CAE00E8BBA9 /* User.swift */; };
		45937E1C25646CE400E8BBA9 /* IngredientViewModel.swift in Sources */ = {isa = PBXBuildFile; fileRef = 45937E1B25646CE300E8BBA9 /* IngredientViewModel.swift */; };
		45A0496225850F0A004CF17C /* SearchView.swift in Sources */ = {isa = PBXBuildFile; fileRef = 45A0496125850F0A004CF17C /* SearchView.swift */; };
		45A0496525851356004CF17C /* CreateRecipeView.swift in Sources */ = {isa = PBXBuildFile; fileRef = 45A0496425851356004CF17C /* CreateRecipeView.swift */; };
		45A049682585136F004CF17C /* FavoritesView.swift in Sources */ = {isa = PBXBuildFile; fileRef = 45A049672585136F004CF17C /* FavoritesView.swift */; };
		45A0496B25852448004CF17C /* RecipesWithIngredientsView.swift in Sources */ = {isa = PBXBuildFile; fileRef = 45A0496A25852448004CF17C /* RecipesWithIngredientsView.swift */; };
		45A0496E25853A43004CF17C /* CreateRecipeViewModel.swift in Sources */ = {isa = PBXBuildFile; fileRef = 45A0496D25853A43004CF17C /* CreateRecipeViewModel.swift */; };
		45A0497225853BD8004CF17C /* FirstCreateRecipeView.swift in Sources */ = {isa = PBXBuildFile; fileRef = 45A0497125853BD8004CF17C /* FirstCreateRecipeView.swift */; };
		45A0497625853BE3004CF17C /* SecondCreateRecipeView.swift in Sources */ = {isa = PBXBuildFile; fileRef = 45A0497525853BE3004CF17C /* SecondCreateRecipeView.swift */; };
		45A0497925853C77004CF17C /* ThirdCreateRecipeView.swift in Sources */ = {isa = PBXBuildFile; fileRef = 45A0497825853C77004CF17C /* ThirdCreateRecipeView.swift */; };
		45A0497C25853CA5004CF17C /* ForthCreateRecipeView.swift in Sources */ = {isa = PBXBuildFile; fileRef = 45A0497B25853CA5004CF17C /* ForthCreateRecipeView.swift */; };
		45ACF1892587D59E000A5A30 /* SearchRowView.swift in Sources */ = {isa = PBXBuildFile; fileRef = 45ACF1882587D59E000A5A30 /* SearchRowView.swift */; };
		45ACF18D2587D9EC000A5A30 /* YourRecipesView.swift in Sources */ = {isa = PBXBuildFile; fileRef = 45ACF18C2587D9EC000A5A30 /* YourRecipesView.swift */; };
		45ACF1902587ECD2000A5A30 /* EditRecipeView.swift in Sources */ = {isa = PBXBuildFile; fileRef = 45ACF18F2587ECD2000A5A30 /* EditRecipeView.swift */; };
		45ACF1932587F5DE000A5A30 /* UserDetailsView.swift in Sources */ = {isa = PBXBuildFile; fileRef = 45ACF1922587F5DE000A5A30 /* UserDetailsView.swift */; };
		45ACF1962587F773000A5A30 /* UpdateUserViewModel.swift in Sources */ = {isa = PBXBuildFile; fileRef = 45ACF1952587F773000A5A30 /* UpdateUserViewModel.swift */; };
		45FEF95A2562EC9B00D7B936 /* LetsCookApp.swift in Sources */ = {isa = PBXBuildFile; fileRef = 45FEF9592562EC9B00D7B936 /* LetsCookApp.swift */; };
		45FEF95C2562EC9B00D7B936 /* ContentView.swift in Sources */ = {isa = PBXBuildFile; fileRef = 45FEF95B2562EC9B00D7B936 /* ContentView.swift */; };
		45FEF95E2562EC9C00D7B936 /* Assets.xcassets in Resources */ = {isa = PBXBuildFile; fileRef = 45FEF95D2562EC9C00D7B936 /* Assets.xcassets */; };
		45FEF9612562EC9C00D7B936 /* Preview Assets.xcassets in Resources */ = {isa = PBXBuildFile; fileRef = 45FEF9602562EC9C00D7B936 /* Preview Assets.xcassets */; };
		45FEF96E2562F11A00D7B936 /* LoginFormContainerView.swift in Sources */ = {isa = PBXBuildFile; fileRef = 45FEF96D2562F11A00D7B936 /* LoginFormContainerView.swift */; };
		45FEF9722562F1D200D7B936 /* View+Extensions.swift in Sources */ = {isa = PBXBuildFile; fileRef = 45FEF9712562F1D200D7B936 /* View+Extensions.swift */; };
		45FEF9762562F9AD00D7B936 /* GoogleService-Info.plist in Resources */ = {isa = PBXBuildFile; fileRef = 45FEF9752562F9AD00D7B936 /* GoogleService-Info.plist */; };
		45FEF9812562FEF600D7B936 /* LoginViewModel.swift in Sources */ = {isa = PBXBuildFile; fileRef = 45FEF9802562FEF600D7B936 /* LoginViewModel.swift */; };
		45FEF984256304DE00D7B936 /* HomeView.swift in Sources */ = {isa = PBXBuildFile; fileRef = 45FEF983256304DE00D7B936 /* HomeView.swift */; };
		45FEF9872563265700D7B936 /* RecipeView.swift in Sources */ = {isa = PBXBuildFile; fileRef = 45FEF9862563265700D7B936 /* RecipeView.swift */; };
		45FEF98A2563276300D7B936 /* RecipeViewModel.swift in Sources */ = {isa = PBXBuildFile; fileRef = 45FEF9892563276300D7B936 /* RecipeViewModel.swift */; };
		45FEF98D2563277300D7B936 /* Recipe.swift in Sources */ = {isa = PBXBuildFile; fileRef = 45FEF98C2563277300D7B936 /* Recipe.swift */; };
/* End PBXBuildFile section */

/* Begin PBXFileReference section */
		4514CCA32563F476004F0DDA /* SignUpView.swift */ = {isa = PBXFileReference; lastKnownFileType = sourcecode.swift; path = SignUpView.swift; sourceTree = "<group>"; };
		453C239E2563346900ACD1EB /* SettingsView.swift */ = {isa = PBXFileReference; lastKnownFileType = sourcecode.swift; path = SettingsView.swift; sourceTree = "<group>"; };
		453C23A12563366600ACD1EB /* RecipeDetailView.swift */ = {isa = PBXFileReference; lastKnownFileType = sourcecode.swift; path = RecipeDetailView.swift; sourceTree = "<group>"; };
		457390DF257FE181003772B4 /* SignUpValidation.swift */ = {isa = PBXFileReference; lastKnownFileType = sourcecode.swift; path = SignUpValidation.swift; sourceTree = "<group>"; };
		457390E3257FE2B9003772B4 /* TextFieldInvalid.swift */ = {isa = PBXFileReference; lastKnownFileType = sourcecode.swift; path = TextFieldInvalid.swift; sourceTree = "<group>"; };
		457D716625865FFB00188165 /* RecipesWithDifficultyView.swift */ = {isa = PBXFileReference; lastKnownFileType = sourcecode.swift; path = RecipesWithDifficultyView.swift; sourceTree = "<group>"; };
		457D7169258665CE00188165 /* RecipesWithCuisineView.swift */ = {isa = PBXFileReference; lastKnownFileType = sourcecode.swift; path = RecipesWithCuisineView.swift; sourceTree = "<group>"; };
		457D719525876F0300188165 /* RecipeCardView.swift */ = {isa = PBXFileReference; lastKnownFileType = sourcecode.swift; path = RecipeCardView.swift; sourceTree = "<group>"; };
		45937E1525641CAE00E8BBA9 /* User.swift */ = {isa = PBXFileReference; lastKnownFileType = sourcecode.swift; path = User.swift; sourceTree = "<group>"; };
		45937E1B25646CE300E8BBA9 /* IngredientViewModel.swift */ = {isa = PBXFileReference; lastKnownFileType = sourcecode.swift; path = IngredientViewModel.swift; sourceTree = "<group>"; };
		45A0496125850F0A004CF17C /* SearchView.swift */ = {isa = PBXFileReference; lastKnownFileType = sourcecode.swift; path = SearchView.swift; sourceTree = "<group>"; };
		45A0496425851356004CF17C /* CreateRecipeView.swift */ = {isa = PBXFileReference; lastKnownFileType = sourcecode.swift; path = CreateRecipeView.swift; sourceTree = "<group>"; };
		45A049672585136F004CF17C /* FavoritesView.swift */ = {isa = PBXFileReference; lastKnownFileType = sourcecode.swift; path = FavoritesView.swift; sourceTree = "<group>"; };
		45A0496A25852448004CF17C /* RecipesWithIngredientsView.swift */ = {isa = PBXFileReference; lastKnownFileType = sourcecode.swift; path = RecipesWithIngredientsView.swift; sourceTree = "<group>"; };
		45A0496D25853A43004CF17C /* CreateRecipeViewModel.swift */ = {isa = PBXFileReference; lastKnownFileType = sourcecode.swift; path = CreateRecipeViewModel.swift; sourceTree = "<group>"; };
		45A0497125853BD8004CF17C /* FirstCreateRecipeView.swift */ = {isa = PBXFileReference; lastKnownFileType = sourcecode.swift; path = FirstCreateRecipeView.swift; sourceTree = "<group>"; };
		45A0497525853BE3004CF17C /* SecondCreateRecipeView.swift */ = {isa = PBXFileReference; lastKnownFileType = sourcecode.swift; path = SecondCreateRecipeView.swift; sourceTree = "<group>"; };
		45A0497825853C77004CF17C /* ThirdCreateRecipeView.swift */ = {isa = PBXFileReference; lastKnownFileType = sourcecode.swift; path = ThirdCreateRecipeView.swift; sourceTree = "<group>"; };
		45A0497B25853CA5004CF17C /* ForthCreateRecipeView.swift */ = {isa = PBXFileReference; lastKnownFileType = sourcecode.swift; path = ForthCreateRecipeView.swift; sourceTree = "<group>"; };
		45ACF1882587D59E000A5A30 /* SearchRowView.swift */ = {isa = PBXFileReference; lastKnownFileType = sourcecode.swift; path = SearchRowView.swift; sourceTree = "<group>"; };
		45ACF18C2587D9EC000A5A30 /* YourRecipesView.swift */ = {isa = PBXFileReference; lastKnownFileType = sourcecode.swift; path = YourRecipesView.swift; sourceTree = "<group>"; };
		45ACF18F2587ECD2000A5A30 /* EditRecipeView.swift */ = {isa = PBXFileReference; lastKnownFileType = sourcecode.swift; path = EditRecipeView.swift; sourceTree = "<group>"; };
		45ACF1922587F5DE000A5A30 /* UserDetailsView.swift */ = {isa = PBXFileReference; lastKnownFileType = sourcecode.swift; path = UserDetailsView.swift; sourceTree = "<group>"; };
		45ACF1952587F773000A5A30 /* UpdateUserViewModel.swift */ = {isa = PBXFileReference; lastKnownFileType = sourcecode.swift; path = UpdateUserViewModel.swift; sourceTree = "<group>"; };
		45FEF9562562EC9B00D7B936 /* LetsCook.app */ = {isa = PBXFileReference; explicitFileType = wrapper.application; includeInIndex = 0; path = LetsCook.app; sourceTree = BUILT_PRODUCTS_DIR; };
		45FEF9592562EC9B00D7B936 /* LetsCookApp.swift */ = {isa = PBXFileReference; lastKnownFileType = sourcecode.swift; path = LetsCookApp.swift; sourceTree = "<group>"; };
		45FEF95B2562EC9B00D7B936 /* ContentView.swift */ = {isa = PBXFileReference; lastKnownFileType = sourcecode.swift; path = ContentView.swift; sourceTree = "<group>"; };
		45FEF95D2562EC9C00D7B936 /* Assets.xcassets */ = {isa = PBXFileReference; lastKnownFileType = folder.assetcatalog; path = Assets.xcassets; sourceTree = "<group>"; };
		45FEF9602562EC9C00D7B936 /* Preview Assets.xcassets */ = {isa = PBXFileReference; lastKnownFileType = folder.assetcatalog; path = "Preview Assets.xcassets"; sourceTree = "<group>"; };
		45FEF9622562EC9C00D7B936 /* Info.plist */ = {isa = PBXFileReference; lastKnownFileType = text.plist.xml; path = Info.plist; sourceTree = "<group>"; };
		45FEF96D2562F11A00D7B936 /* LoginFormContainerView.swift */ = {isa = PBXFileReference; lastKnownFileType = sourcecode.swift; path = LoginFormContainerView.swift; sourceTree = "<group>"; };
		45FEF9712562F1D200D7B936 /* View+Extensions.swift */ = {isa = PBXFileReference; lastKnownFileType = sourcecode.swift; path = "View+Extensions.swift"; sourceTree = "<group>"; };
		45FEF9752562F9AD00D7B936 /* GoogleService-Info.plist */ = {isa = PBXFileReference; fileEncoding = 4; lastKnownFileType = text.plist.xml; path = "GoogleService-Info.plist"; sourceTree = "<group>"; };
		45FEF9802562FEF600D7B936 /* LoginViewModel.swift */ = {isa = PBXFileReference; lastKnownFileType = sourcecode.swift; path = LoginViewModel.swift; sourceTree = "<group>"; };
		45FEF983256304DE00D7B936 /* HomeView.swift */ = {isa = PBXFileReference; lastKnownFileType = sourcecode.swift; path = HomeView.swift; sourceTree = "<group>"; };
		45FEF9862563265700D7B936 /* RecipeView.swift */ = {isa = PBXFileReference; lastKnownFileType = sourcecode.swift; path = RecipeView.swift; sourceTree = "<group>"; };
		45FEF9892563276300D7B936 /* RecipeViewModel.swift */ = {isa = PBXFileReference; lastKnownFileType = sourcecode.swift; path = RecipeViewModel.swift; sourceTree = "<group>"; };
		45FEF98C2563277300D7B936 /* Recipe.swift */ = {isa = PBXFileReference; lastKnownFileType = sourcecode.swift; path = Recipe.swift; sourceTree = "<group>"; };
/* End PBXFileReference section */

/* Begin PBXFrameworksBuildPhase section */
		45FEF9532562EC9B00D7B936 /* Frameworks */ = {
			isa = PBXFrameworksBuildPhase;
			buildActionMask = 2147483647;
			files = (
				457D719325876A3700188165 /* SDWebImageSwiftUI in Frameworks */,
				457D716F258676C800188165 /* FirebaseAnalytics in Frameworks */,
				457D7171258676C800188165 /* FirebaseFirestoreSwift-Beta in Frameworks */,
				457D7173258676C800188165 /* FirebaseStorage in Frameworks */,
				457D7177258676C800188165 /* FirebaseFirestore in Frameworks */,
				457D7175258676C800188165 /* FirebaseAuth in Frameworks */,
				457D7179258676C800188165 /* FirebaseStorageSwift-Beta in Frameworks */,
			);
			runOnlyForDeploymentPostprocessing = 0;
		};
/* End PBXFrameworksBuildPhase section */

/* Begin PBXGroup section */
		457390E2257FE29F003772B4 /* Styles */ = {
			isa = PBXGroup;
			children = (
				457390E3257FE2B9003772B4 /* TextFieldInvalid.swift */,
			);
			path = Styles;
			sourceTree = "<group>";
		};
		45A0497025853B6D004CF17C /* CreateRecipeViews */ = {
			isa = PBXGroup;
			children = (
				45A0497125853BD8004CF17C /* FirstCreateRecipeView.swift */,
				45A0497525853BE3004CF17C /* SecondCreateRecipeView.swift */,
				45A0497825853C77004CF17C /* ThirdCreateRecipeView.swift */,
				45A0497B25853CA5004CF17C /* ForthCreateRecipeView.swift */,
			);
			path = CreateRecipeViews;
			sourceTree = "<group>";
		};
		45ACF1872587D587000A5A30 /* SearchViews */ = {
			isa = PBXGroup;
			children = (
				45ACF1882587D59E000A5A30 /* SearchRowView.swift */,
			);
			path = SearchViews;
			sourceTree = "<group>";
		};
		45FEF94D2562EC9B00D7B936 = {
			isa = PBXGroup;
			children = (
				45FEF9752562F9AD00D7B936 /* GoogleService-Info.plist */,
				45FEF9582562EC9B00D7B936 /* LetsCook */,
				45FEF9572562EC9B00D7B936 /* Products */,
			);
			sourceTree = "<group>";
		};
		45FEF9572562EC9B00D7B936 /* Products */ = {
			isa = PBXGroup;
			children = (
				45FEF9562562EC9B00D7B936 /* LetsCook.app */,
			);
			name = Products;
			sourceTree = "<group>";
		};
		45FEF9582562EC9B00D7B936 /* LetsCook */ = {
			isa = PBXGroup;
			children = (
				457390E2257FE29F003772B4 /* Styles */,
				45FEF9702562F1B900D7B936 /* Extensions */,
				45FEF96B2562EE6B00D7B936 /* Models */,
				45FEF96A2562EE6400D7B936 /* ViewModels */,
				45FEF9692562EE5C00D7B936 /* Views */,
				45FEF9592562EC9B00D7B936 /* LetsCookApp.swift */,
				45FEF95B2562EC9B00D7B936 /* ContentView.swift */,
				45FEF95D2562EC9C00D7B936 /* Assets.xcassets */,
				45FEF9622562EC9C00D7B936 /* Info.plist */,
				45FEF95F2562EC9C00D7B936 /* Preview Content */,
				457390DF257FE181003772B4 /* SignUpValidation.swift */,
			);
			path = LetsCook;
			sourceTree = "<group>";
		};
		45FEF95F2562EC9C00D7B936 /* Preview Content */ = {
			isa = PBXGroup;
			children = (
				45FEF9602562EC9C00D7B936 /* Preview Assets.xcassets */,
			);
			path = "Preview Content";
			sourceTree = "<group>";
		};
		45FEF9692562EE5C00D7B936 /* Views */ = {
			isa = PBXGroup;
			children = (
				45ACF1872587D587000A5A30 /* SearchViews */,
				45A0497025853B6D004CF17C /* CreateRecipeViews */,
				45FEF96D2562F11A00D7B936 /* LoginFormContainerView.swift */,
				45FEF983256304DE00D7B936 /* HomeView.swift */,
				45FEF9862563265700D7B936 /* RecipeView.swift */,
				453C239E2563346900ACD1EB /* SettingsView.swift */,
				453C23A12563366600ACD1EB /* RecipeDetailView.swift */,
				4514CCA32563F476004F0DDA /* SignUpView.swift */,
				45A0496125850F0A004CF17C /* SearchView.swift */,
				45A0496425851356004CF17C /* CreateRecipeView.swift */,
				45A049672585136F004CF17C /* FavoritesView.swift */,
				45A0496A25852448004CF17C /* RecipesWithIngredientsView.swift */,
				457D716625865FFB00188165 /* RecipesWithDifficultyView.swift */,
				457D7169258665CE00188165 /* RecipesWithCuisineView.swift */,
				457D719525876F0300188165 /* RecipeCardView.swift */,
				45ACF18C2587D9EC000A5A30 /* YourRecipesView.swift */,
				45ACF18F2587ECD2000A5A30 /* EditRecipeView.swift */,
				45ACF1922587F5DE000A5A30 /* UserDetailsView.swift */,
			);
			path = Views;
			sourceTree = "<group>";
		};
		45FEF96A2562EE6400D7B936 /* ViewModels */ = {
			isa = PBXGroup;
			children = (
				45FEF9892563276300D7B936 /* RecipeViewModel.swift */,
				45FEF9802562FEF600D7B936 /* LoginViewModel.swift */,
				45937E1B25646CE300E8BBA9 /* IngredientViewModel.swift */,
				45A0496D25853A43004CF17C /* CreateRecipeViewModel.swift */,
				45ACF1952587F773000A5A30 /* UpdateUserViewModel.swift */,
			);
			path = ViewModels;
			sourceTree = "<group>";
		};
		45FEF96B2562EE6B00D7B936 /* Models */ = {
			isa = PBXGroup;
			children = (
				45FEF98C2563277300D7B936 /* Recipe.swift */,
				45937E1525641CAE00E8BBA9 /* User.swift */,
			);
			path = Models;
			sourceTree = "<group>";
		};
		45FEF9702562F1B900D7B936 /* Extensions */ = {
			isa = PBXGroup;
			children = (
				45FEF9712562F1D200D7B936 /* View+Extensions.swift */,
			);
			path = Extensions;
			sourceTree = "<group>";
		};
/* End PBXGroup section */

/* Begin PBXNativeTarget section */
		45FEF9552562EC9B00D7B936 /* LetsCook */ = {
			isa = PBXNativeTarget;
			buildConfigurationList = 45FEF9652562EC9C00D7B936 /* Build configuration list for PBXNativeTarget "LetsCook" */;
			buildPhases = (
				45FEF9522562EC9B00D7B936 /* Sources */,
				45FEF9532562EC9B00D7B936 /* Frameworks */,
				45FEF9542562EC9B00D7B936 /* Resources */,
			);
			buildRules = (
			);
			dependencies = (
			);
			name = LetsCook;
			packageProductDependencies = (
				457D716E258676C800188165 /* FirebaseAnalytics */,
				457D7170258676C800188165 /* FirebaseFirestoreSwift-Beta */,
				457D7172258676C800188165 /* FirebaseStorage */,
				457D7174258676C800188165 /* FirebaseAuth */,
				457D7176258676C800188165 /* FirebaseFirestore */,
				457D7178258676C800188165 /* FirebaseStorageSwift-Beta */,
				457D719225876A3700188165 /* SDWebImageSwiftUI */,
			);
			productName = LetsCook;
			productReference = 45FEF9562562EC9B00D7B936 /* LetsCook.app */;
			productType = "com.apple.product-type.application";
		};
/* End PBXNativeTarget section */

/* Begin PBXProject section */
		45FEF94E2562EC9B00D7B936 /* Project object */ = {
			isa = PBXProject;
			attributes = {
				LastSwiftUpdateCheck = 1220;
				LastUpgradeCheck = 1220;
				TargetAttributes = {
					45FEF9552562EC9B00D7B936 = {
						CreatedOnToolsVersion = 12.2;
					};
				};
			};
			buildConfigurationList = 45FEF9512562EC9B00D7B936 /* Build configuration list for PBXProject "LetsCook" */;
			compatibilityVersion = "Xcode 9.3";
			developmentRegion = en;
			hasScannedForEncodings = 0;
			knownRegions = (
				en,
				Base,
			);
			mainGroup = 45FEF94D2562EC9B00D7B936;
			packageReferences = (
				457D716D258676C800188165 /* XCRemoteSwiftPackageReference "firebase-ios-sdk" */,
				457D719125876A3600188165 /* XCRemoteSwiftPackageReference "SDWebImageSwiftUI" */,
			);
			productRefGroup = 45FEF9572562EC9B00D7B936 /* Products */;
			projectDirPath = "";
			projectRoot = "";
			targets = (
				45FEF9552562EC9B00D7B936 /* LetsCook */,
			);
		};
/* End PBXProject section */

/* Begin PBXResourcesBuildPhase section */
		45FEF9542562EC9B00D7B936 /* Resources */ = {
			isa = PBXResourcesBuildPhase;
			buildActionMask = 2147483647;
			files = (
				45FEF9612562EC9C00D7B936 /* Preview Assets.xcassets in Resources */,
				45FEF9762562F9AD00D7B936 /* GoogleService-Info.plist in Resources */,
				45FEF95E2562EC9C00D7B936 /* Assets.xcassets in Resources */,
			);
			runOnlyForDeploymentPostprocessing = 0;
		};
/* End PBXResourcesBuildPhase section */

/* Begin PBXSourcesBuildPhase section */
		45FEF9522562EC9B00D7B936 /* Sources */ = {
			isa = PBXSourcesBuildPhase;
			buildActionMask = 2147483647;
			files = (
				45A0497925853C77004CF17C /* ThirdCreateRecipeView.swift in Sources */,
				45ACF1932587F5DE000A5A30 /* UserDetailsView.swift in Sources */,
				45A0496B25852448004CF17C /* RecipesWithIngredientsView.swift in Sources */,
				45A0496525851356004CF17C /* CreateRecipeView.swift in Sources */,
				45A0496E25853A43004CF17C /* CreateRecipeViewModel.swift in Sources */,
				45FEF95C2562EC9B00D7B936 /* ContentView.swift in Sources */,
				45ACF1892587D59E000A5A30 /* SearchRowView.swift in Sources */,
				45A0496225850F0A004CF17C /* SearchView.swift in Sources */,
				45ACF1962587F773000A5A30 /* UpdateUserViewModel.swift in Sources */,
				45FEF95A2562EC9B00D7B936 /* LetsCookApp.swift in Sources */,
				45ACF1902587ECD2000A5A30 /* EditRecipeView.swift in Sources */,
				45FEF9722562F1D200D7B936 /* View+Extensions.swift in Sources */,
				457D716A258665CE00188165 /* RecipesWithCuisineView.swift in Sources */,
				45FEF98A2563276300D7B936 /* RecipeViewModel.swift in Sources */,
				45FEF9872563265700D7B936 /* RecipeView.swift in Sources */,
				457D719625876F0300188165 /* RecipeCardView.swift in Sources */,
				45FEF984256304DE00D7B936 /* HomeView.swift in Sources */,
				45937E1625641CAE00E8BBA9 /* User.swift in Sources */,
				45FEF98D2563277300D7B936 /* Recipe.swift in Sources */,
				45A049682585136F004CF17C /* FavoritesView.swift in Sources */,
				457390E4257FE2B9003772B4 /* TextFieldInvalid.swift in Sources */,
				45937E1C25646CE400E8BBA9 /* IngredientViewModel.swift in Sources */,
				45ACF18D2587D9EC000A5A30 /* YourRecipesView.swift in Sources */,
				453C23A22563366600ACD1EB /* RecipeDetailView.swift in Sources */,
				4514CCA42563F476004F0DDA /* SignUpView.swift in Sources */,
				45A0497C25853CA5004CF17C /* ForthCreateRecipeView.swift in Sources */,
				457D716725865FFB00188165 /* RecipesWithDifficultyView.swift in Sources */,
				457390E0257FE181003772B4 /* SignUpValidation.swift in Sources */,
				45FEF9812562FEF600D7B936 /* LoginViewModel.swift in Sources */,
				45A0497625853BE3004CF17C /* SecondCreateRecipeView.swift in Sources */,
				45A0497225853BD8004CF17C /* FirstCreateRecipeView.swift in Sources */,
				45FEF96E2562F11A00D7B936 /* LoginFormContainerView.swift in Sources */,
				453C239F2563346900ACD1EB /* SettingsView.swift in Sources */,
			);
			runOnlyForDeploymentPostprocessing = 0;
		};
/* End PBXSourcesBuildPhase section */

/* Begin XCBuildConfiguration section */
		45FEF9632562EC9C00D7B936 /* Debug */ = {
			isa = XCBuildConfiguration;
			buildSettings = {
				ALWAYS_SEARCH_USER_PATHS = NO;
				CLANG_ANALYZER_NONNULL = YES;
				CLANG_ANALYZER_NUMBER_OBJECT_CONVERSION = YES_AGGRESSIVE;
				CLANG_CXX_LANGUAGE_STANDARD = "gnu++14";
				CLANG_CXX_LIBRARY = "libc++";
				CLANG_ENABLE_MODULES = YES;
				CLANG_ENABLE_OBJC_ARC = YES;
				CLANG_ENABLE_OBJC_WEAK = YES;
				CLANG_WARN_BLOCK_CAPTURE_AUTORELEASING = YES;
				CLANG_WARN_BOOL_CONVERSION = YES;
				CLANG_WARN_COMMA = YES;
				CLANG_WARN_CONSTANT_CONVERSION = YES;
				CLANG_WARN_DEPRECATED_OBJC_IMPLEMENTATIONS = YES;
				CLANG_WARN_DIRECT_OBJC_ISA_USAGE = YES_ERROR;
				CLANG_WARN_DOCUMENTATION_COMMENTS = YES;
				CLANG_WARN_EMPTY_BODY = YES;
				CLANG_WARN_ENUM_CONVERSION = YES;
				CLANG_WARN_INFINITE_RECURSION = YES;
				CLANG_WARN_INT_CONVERSION = YES;
				CLANG_WARN_NON_LITERAL_NULL_CONVERSION = YES;
				CLANG_WARN_OBJC_IMPLICIT_RETAIN_SELF = YES;
				CLANG_WARN_OBJC_LITERAL_CONVERSION = YES;
				CLANG_WARN_OBJC_ROOT_CLASS = YES_ERROR;
				CLANG_WARN_QUOTED_INCLUDE_IN_FRAMEWORK_HEADER = YES;
				CLANG_WARN_RANGE_LOOP_ANALYSIS = YES;
				CLANG_WARN_STRICT_PROTOTYPES = YES;
				CLANG_WARN_SUSPICIOUS_MOVE = YES;
				CLANG_WARN_UNGUARDED_AVAILABILITY = YES_AGGRESSIVE;
				CLANG_WARN_UNREACHABLE_CODE = YES;
				CLANG_WARN__DUPLICATE_METHOD_MATCH = YES;
				COPY_PHASE_STRIP = NO;
				DEBUG_INFORMATION_FORMAT = dwarf;
				ENABLE_STRICT_OBJC_MSGSEND = YES;
				ENABLE_TESTABILITY = YES;
				GCC_C_LANGUAGE_STANDARD = gnu11;
				GCC_DYNAMIC_NO_PIC = NO;
				GCC_NO_COMMON_BLOCKS = YES;
				GCC_OPTIMIZATION_LEVEL = 0;
				GCC_PREPROCESSOR_DEFINITIONS = (
					"DEBUG=1",
					"$(inherited)",
				);
				GCC_WARN_64_TO_32_BIT_CONVERSION = YES;
				GCC_WARN_ABOUT_RETURN_TYPE = YES_ERROR;
				GCC_WARN_UNDECLARED_SELECTOR = YES;
				GCC_WARN_UNINITIALIZED_AUTOS = YES_AGGRESSIVE;
				GCC_WARN_UNUSED_FUNCTION = YES;
				GCC_WARN_UNUSED_VARIABLE = YES;
				IPHONEOS_DEPLOYMENT_TARGET = 14.2;
				MTL_ENABLE_DEBUG_INFO = INCLUDE_SOURCE;
				MTL_FAST_MATH = YES;
				ONLY_ACTIVE_ARCH = YES;
				SDKROOT = iphoneos;
				SWIFT_ACTIVE_COMPILATION_CONDITIONS = DEBUG;
				SWIFT_OPTIMIZATION_LEVEL = "-Onone";
			};
			name = Debug;
		};
		45FEF9642562EC9C00D7B936 /* Release */ = {
			isa = XCBuildConfiguration;
			buildSettings = {
				ALWAYS_SEARCH_USER_PATHS = NO;
				CLANG_ANALYZER_NONNULL = YES;
				CLANG_ANALYZER_NUMBER_OBJECT_CONVERSION = YES_AGGRESSIVE;
				CLANG_CXX_LANGUAGE_STANDARD = "gnu++14";
				CLANG_CXX_LIBRARY = "libc++";
				CLANG_ENABLE_MODULES = YES;
				CLANG_ENABLE_OBJC_ARC = YES;
				CLANG_ENABLE_OBJC_WEAK = YES;
				CLANG_WARN_BLOCK_CAPTURE_AUTORELEASING = YES;
				CLANG_WARN_BOOL_CONVERSION = YES;
				CLANG_WARN_COMMA = YES;
				CLANG_WARN_CONSTANT_CONVERSION = YES;
				CLANG_WARN_DEPRECATED_OBJC_IMPLEMENTATIONS = YES;
				CLANG_WARN_DIRECT_OBJC_ISA_USAGE = YES_ERROR;
				CLANG_WARN_DOCUMENTATION_COMMENTS = YES;
				CLANG_WARN_EMPTY_BODY = YES;
				CLANG_WARN_ENUM_CONVERSION = YES;
				CLANG_WARN_INFINITE_RECURSION = YES;
				CLANG_WARN_INT_CONVERSION = YES;
				CLANG_WARN_NON_LITERAL_NULL_CONVERSION = YES;
				CLANG_WARN_OBJC_IMPLICIT_RETAIN_SELF = YES;
				CLANG_WARN_OBJC_LITERAL_CONVERSION = YES;
				CLANG_WARN_OBJC_ROOT_CLASS = YES_ERROR;
				CLANG_WARN_QUOTED_INCLUDE_IN_FRAMEWORK_HEADER = YES;
				CLANG_WARN_RANGE_LOOP_ANALYSIS = YES;
				CLANG_WARN_STRICT_PROTOTYPES = YES;
				CLANG_WARN_SUSPICIOUS_MOVE = YES;
				CLANG_WARN_UNGUARDED_AVAILABILITY = YES_AGGRESSIVE;
				CLANG_WARN_UNREACHABLE_CODE = YES;
				CLANG_WARN__DUPLICATE_METHOD_MATCH = YES;
				COPY_PHASE_STRIP = NO;
				DEBUG_INFORMATION_FORMAT = "dwarf-with-dsym";
				ENABLE_NS_ASSERTIONS = NO;
				ENABLE_STRICT_OBJC_MSGSEND = YES;
				GCC_C_LANGUAGE_STANDARD = gnu11;
				GCC_NO_COMMON_BLOCKS = YES;
				GCC_WARN_64_TO_32_BIT_CONVERSION = YES;
				GCC_WARN_ABOUT_RETURN_TYPE = YES_ERROR;
				GCC_WARN_UNDECLARED_SELECTOR = YES;
				GCC_WARN_UNINITIALIZED_AUTOS = YES_AGGRESSIVE;
				GCC_WARN_UNUSED_FUNCTION = YES;
				GCC_WARN_UNUSED_VARIABLE = YES;
				IPHONEOS_DEPLOYMENT_TARGET = 14.2;
				MTL_ENABLE_DEBUG_INFO = NO;
				MTL_FAST_MATH = YES;
				SDKROOT = iphoneos;
				SWIFT_COMPILATION_MODE = wholemodule;
				SWIFT_OPTIMIZATION_LEVEL = "-O";
				VALIDATE_PRODUCT = YES;
			};
			name = Release;
		};
		45FEF9662562EC9C00D7B936 /* Debug */ = {
			isa = XCBuildConfiguration;
			buildSettings = {
				ASSETCATALOG_COMPILER_APPICON_NAME = AppIcon;
				ASSETCATALOG_COMPILER_GLOBAL_ACCENT_COLOR_NAME = AccentColor;
				CODE_SIGN_STYLE = Automatic;
				DEVELOPMENT_ASSET_PATHS = "\"LetsCook/Preview Content\"";
				DEVELOPMENT_TEAM = 36T9PUNQ4B;
				ENABLE_PREVIEWS = YES;
				INFOPLIST_FILE = LetsCook/Info.plist;
				IPHONEOS_DEPLOYMENT_TARGET = 14.0;
				LD_RUNPATH_SEARCH_PATHS = (
					"$(inherited)",
					"@executable_path/Frameworks",
				);
				PRODUCT_BUNDLE_IDENTIFIER = rit.LetsCook;
				PRODUCT_NAME = "$(TARGET_NAME)";
				SWIFT_VERSION = 5.0;
				TARGETED_DEVICE_FAMILY = "1,2";
			};
			name = Debug;
		};
		45FEF9672562EC9C00D7B936 /* Release */ = {
			isa = XCBuildConfiguration;
			buildSettings = {
				ASSETCATALOG_COMPILER_APPICON_NAME = AppIcon;
				ASSETCATALOG_COMPILER_GLOBAL_ACCENT_COLOR_NAME = AccentColor;
				CODE_SIGN_STYLE = Automatic;
				DEVELOPMENT_ASSET_PATHS = "\"LetsCook/Preview Content\"";
				DEVELOPMENT_TEAM = 36T9PUNQ4B;
				ENABLE_PREVIEWS = YES;
				INFOPLIST_FILE = LetsCook/Info.plist;
				IPHONEOS_DEPLOYMENT_TARGET = 14.0;
				LD_RUNPATH_SEARCH_PATHS = (
					"$(inherited)",
					"@executable_path/Frameworks",
				);
				PRODUCT_BUNDLE_IDENTIFIER = rit.LetsCook;
				PRODUCT_NAME = "$(TARGET_NAME)";
				SWIFT_VERSION = 5.0;
				TARGETED_DEVICE_FAMILY = "1,2";
			};
			name = Release;
		};
/* End XCBuildConfiguration section */

/* Begin XCConfigurationList section */
		45FEF9512562EC9B00D7B936 /* Build configuration list for PBXProject "LetsCook" */ = {
			isa = XCConfigurationList;
			buildConfigurations = (
				45FEF9632562EC9C00D7B936 /* Debug */,
				45FEF9642562EC9C00D7B936 /* Release */,
			);
			defaultConfigurationIsVisible = 0;
			defaultConfigurationName = Release;
		};
		45FEF9652562EC9C00D7B936 /* Build configuration list for PBXNativeTarget "LetsCook" */ = {
			isa = XCConfigurationList;
			buildConfigurations = (
				45FEF9662562EC9C00D7B936 /* Debug */,
				45FEF9672562EC9C00D7B936 /* Release */,
			);
			defaultConfigurationIsVisible = 0;
			defaultConfigurationName = Release;
		};
/* End XCConfigurationList section */

/* Begin XCRemoteSwiftPackageReference section */
		457D716D258676C800188165 /* XCRemoteSwiftPackageReference "firebase-ios-sdk" */ = {
			isa = XCRemoteSwiftPackageReference;
			repositoryURL = "https://github.com/firebase/firebase-ios-sdk.git";
			requirement = {
				kind = upToNextMajorVersion;
				minimumVersion = 7.3.0;
			};
		};
		457D719125876A3600188165 /* XCRemoteSwiftPackageReference "SDWebImageSwiftUI" */ = {
			isa = XCRemoteSwiftPackageReference;
			repositoryURL = "https://github.com/SDWebImage/SDWebImageSwiftUI.git";
			requirement = {
				kind = upToNextMajorVersion;
				minimumVersion = 1.5.0;
			};
		};
/* End XCRemoteSwiftPackageReference section */

/* Begin XCSwiftPackageProductDependency section */
		457D716E258676C800188165 /* FirebaseAnalytics */ = {
			isa = XCSwiftPackageProductDependency;
			package = 457D716D258676C800188165 /* XCRemoteSwiftPackageReference "firebase-ios-sdk" */;
			productName = FirebaseAnalytics;
		};
		457D7170258676C800188165 /* FirebaseFirestoreSwift-Beta */ = {
			isa = XCSwiftPackageProductDependency;
			package = 457D716D258676C800188165 /* XCRemoteSwiftPackageReference "firebase-ios-sdk" */;
			productName = "FirebaseFirestoreSwift-Beta";
		};
		457D7172258676C800188165 /* FirebaseStorage */ = {
			isa = XCSwiftPackageProductDependency;
			package = 457D716D258676C800188165 /* XCRemoteSwiftPackageReference "firebase-ios-sdk" */;
			productName = FirebaseStorage;
		};
		457D7174258676C800188165 /* FirebaseAuth */ = {
			isa = XCSwiftPackageProductDependency;
			package = 457D716D258676C800188165 /* XCRemoteSwiftPackageReference "firebase-ios-sdk" */;
			productName = FirebaseAuth;
		};
		457D7176258676C800188165 /* FirebaseFirestore */ = {
			isa = XCSwiftPackageProductDependency;
			package = 457D716D258676C800188165 /* XCRemoteSwiftPackageReference "firebase-ios-sdk" */;
			productName = FirebaseFirestore;
		};
		457D7178258676C800188165 /* FirebaseStorageSwift-Beta */ = {
			isa = XCSwiftPackageProductDependency;
			package = 457D716D258676C800188165 /* XCRemoteSwiftPackageReference "firebase-ios-sdk" */;
			productName = "FirebaseStorageSwift-Beta";
		};
		457D719225876A3700188165 /* SDWebImageSwiftUI */ = {
			isa = XCSwiftPackageProductDependency;
			package = 457D719125876A3600188165 /* XCRemoteSwiftPackageReference "SDWebImageSwiftUI" */;
			productName = SDWebImageSwiftUI;
		};
/* End XCSwiftPackageProductDependency section */
	};
	rootObject = 45FEF94E2562EC9B00D7B936 /* Project object */;
}
