// !$*UTF8*$!
{
	archiveVersion = 1;
	classes = {
	};
	objectVersion = 52;
	objects = {

/* Begin PBXBuildFile section */
		4514CCA42563F476004F0DDA /* SignUpView.swift in Sources */ = {isa = PBXBuildFile; fileRef = 4514CCA32563F476004F0DDA /* SignUpView.swift */; };
		453C239F2563346900ACD1EB /* SettingsView.swift in Sources */ = {isa = PBXBuildFile; fileRef = 453C239E2563346900ACD1EB /* SettingsView.swift */; };
		453C23A22563366600ACD1EB /* RecipeDetailView.swift in Sources */ = {isa = PBXBuildFile; fileRef = 453C23A12563366600ACD1EB /* RecipeDetailView.swift */; };
		45937E1625641CAE00E8BBA9 /* User.swift in Sources */ = {isa = PBXBuildFile; fileRef = 45937E1525641CAE00E8BBA9 /* User.swift */; };
		45937E1925646B2000E8BBA9 /* Ingredient.swift in Sources */ = {isa = PBXBuildFile; fileRef = 45937E1825646B2000E8BBA9 /* Ingredient.swift */; };
		45937E1C25646CE400E8BBA9 /* IngredientViewModel.swift in Sources */ = {isa = PBXBuildFile; fileRef = 45937E1B25646CE300E8BBA9 /* IngredientViewModel.swift */; };
		45FEF95A2562EC9B00D7B936 /* LetsCookApp.swift in Sources */ = {isa = PBXBuildFile; fileRef = 45FEF9592562EC9B00D7B936 /* LetsCookApp.swift */; };
		45FEF95C2562EC9B00D7B936 /* ContentView.swift in Sources */ = {isa = PBXBuildFile; fileRef = 45FEF95B2562EC9B00D7B936 /* ContentView.swift */; };
		45FEF95E2562EC9C00D7B936 /* Assets.xcassets in Resources */ = {isa = PBXBuildFile; fileRef = 45FEF95D2562EC9C00D7B936 /* Assets.xcassets */; };
		45FEF9612562EC9C00D7B936 /* Preview Assets.xcassets in Resources */ = {isa = PBXBuildFile; fileRef = 45FEF9602562EC9C00D7B936 /* Preview Assets.xcassets */; };
		45FEF96E2562F11A00D7B936 /* LoginFormContainerView.swift in Sources */ = {isa = PBXBuildFile; fileRef = 45FEF96D2562F11A00D7B936 /* LoginFormContainerView.swift */; };
		45FEF9722562F1D200D7B936 /* View+Extensions.swift in Sources */ = {isa = PBXBuildFile; fileRef = 45FEF9712562F1D200D7B936 /* View+Extensions.swift */; };
		45FEF9762562F9AD00D7B936 /* GoogleService-Info.plist in Resources */ = {isa = PBXBuildFile; fileRef = 45FEF9752562F9AD00D7B936 /* GoogleService-Info.plist */; };
		45FEF97A2562FB6000D7B936 /* FirebaseAuth in Frameworks */ = {isa = PBXBuildFile; productRef = 45FEF9792562FB6000D7B936 /* FirebaseAuth */; };
		45FEF97C2562FB6000D7B936 /* FirebaseFirestore in Frameworks */ = {isa = PBXBuildFile; productRef = 45FEF97B2562FB6000D7B936 /* FirebaseFirestore */; };
		45FEF97E2562FB6000D7B936 /* FirebaseFirestoreSwift-Beta in Frameworks */ = {isa = PBXBuildFile; productRef = 45FEF97D2562FB6000D7B936 /* FirebaseFirestoreSwift-Beta */; };
		45FEF9812562FEF600D7B936 /* LoginViewModel.swift in Sources */ = {isa = PBXBuildFile; fileRef = 45FEF9802562FEF600D7B936 /* LoginViewModel.swift */; };
		45FEF984256304DE00D7B936 /* HomeView.swift in Sources */ = {isa = PBXBuildFile; fileRef = 45FEF983256304DE00D7B936 /* HomeView.swift */; };
		45FEF9872563265700D7B936 /* RecipeView.swift in Sources */ = {isa = PBXBuildFile; fileRef = 45FEF9862563265700D7B936 /* RecipeView.swift */; };
		45FEF98A2563276300D7B936 /* RecipeViewModel.swift in Sources */ = {isa = PBXBuildFile; fileRef = 45FEF9892563276300D7B936 /* RecipeViewModel.swift */; };
		45FEF98D2563277300D7B936 /* Recipe.swift in Sources */ = {isa = PBXBuildFile; fileRef = 45FEF98C2563277300D7B936 /* Recipe.swift */; };
		45FEF990256328B500D7B936 /* RecipeDifficulty.swift in Sources */ = {isa = PBXBuildFile; fileRef = 45FEF98F256328B500D7B936 /* RecipeDifficulty.swift */; };
/* End PBXBuildFile section */

/* Begin PBXFileReference section */
		4514CCA32563F476004F0DDA /* SignUpView.swift */ = {isa = PBXFileReference; lastKnownFileType = sourcecode.swift; path = SignUpView.swift; sourceTree = "<group>"; };
		453C239E2563346900ACD1EB /* SettingsView.swift */ = {isa = PBXFileReference; lastKnownFileType = sourcecode.swift; path = SettingsView.swift; sourceTree = "<group>"; };
		453C23A12563366600ACD1EB /* RecipeDetailView.swift */ = {isa = PBXFileReference; lastKnownFileType = sourcecode.swift; path = RecipeDetailView.swift; sourceTree = "<group>"; };
		45937E1525641CAE00E8BBA9 /* User.swift */ = {isa = PBXFileReference; lastKnownFileType = sourcecode.swift; path = User.swift; sourceTree = "<group>"; };
		45937E1825646B2000E8BBA9 /* Ingredient.swift */ = {isa = PBXFileReference; lastKnownFileType = sourcecode.swift; path = Ingredient.swift; sourceTree = "<group>"; };
		45937E1B25646CE300E8BBA9 /* IngredientViewModel.swift */ = {isa = PBXFileReference; lastKnownFileType = sourcecode.swift; path = IngredientViewModel.swift; sourceTree = "<group>"; };
		45FEF9562562EC9B00D7B936 /* LetsCook.app */ = {isa = PBXFileReference; explicitFileType = wrapper.application; includeInIndex = 0; path = LetsCook.app; sourceTree = BUILT_PRODUCTS_DIR; };
		45FEF9592562EC9B00D7B936 /* LetsCookApp.swift */ = {isa = PBXFileReference; lastKnownFileType = sourcecode.swift; path = LetsCookApp.swift; sourceTree = "<group>"; };
		45FEF95B2562EC9B00D7B936 /* ContentView.swift */ = {isa = PBXFileReference; lastKnownFileType = sourcecode.swift; path = ContentView.swift; sourceTree = "<group>"; };
		45FEF95D2562EC9C00D7B936 /* Assets.xcassets */ = {isa = PBXFileReference; lastKnownFileType = folder.assetcatalog; path = Assets.xcassets; sourceTree = "<group>"; };
		45FEF9602562EC9C00D7B936 /* Preview Assets.xcassets */ = {isa = PBXFileReference; lastKnownFileType = folder.assetcatalog; path = "Preview Assets.xcassets"; sourceTree = "<group>"; };
		45FEF9622562EC9C00D7B936 /* Info.plist */ = {isa = PBXFileReference; lastKnownFileType = text.plist.xml; path = Info.plist; sourceTree = "<group>"; };
		45FEF96D2562F11A00D7B936 /* LoginFormContainerView.swift */ = {isa = PBXFileReference; lastKnownFileType = sourcecode.swift; path = LoginFormContainerView.swift; sourceTree = "<group>"; };
		45FEF9712562F1D200D7B936 /* View+Extensions.swift */ = {isa = PBXFileReference; lastKnownFileType = sourcecode.swift; path = "View+Extensions.swift"; sourceTree = "<group>"; };
		45FEF9752562F9AD00D7B936 /* GoogleService-Info.plist */ = {isa = PBXFileReference; fileEncoding = 4; lastKnownFileType = text.plist.xml; path = "GoogleService-Info.plist"; sourceTree = "<group>"; };
		45FEF9802562FEF600D7B936 /* LoginViewModel.swift */ = {isa = PBXFileReference; lastKnownFileType = sourcecode.swift; path = LoginViewModel.swift; sourceTree = "<group>"; };
		45FEF983256304DE00D7B936 /* HomeView.swift */ = {isa = PBXFileReference; lastKnownFileType = sourcecode.swift; path = HomeView.swift; sourceTree = "<group>"; };
		45FEF9862563265700D7B936 /* RecipeView.swift */ = {isa = PBXFileReference; lastKnownFileType = sourcecode.swift; path = RecipeView.swift; sourceTree = "<group>"; };
		45FEF9892563276300D7B936 /* RecipeViewModel.swift */ = {isa = PBXFileReference; lastKnownFileType = sourcecode.swift; path = RecipeViewModel.swift; sourceTree = "<group>"; };
		45FEF98C2563277300D7B936 /* Recipe.swift */ = {isa = PBXFileReference; lastKnownFileType = sourcecode.swift; path = Recipe.swift; sourceTree = "<group>"; };
		45FEF98F256328B500D7B936 /* RecipeDifficulty.swift */ = {isa = PBXFileReference; lastKnownFileType = sourcecode.swift; path = RecipeDifficulty.swift; sourceTree = "<group>"; };
/* End PBXFileReference section */

/* Begin PBXFrameworksBuildPhase section */
		45FEF9532562EC9B00D7B936 /* Frameworks */ = {
			isa = PBXFrameworksBuildPhase;
			buildActionMask = 2147483647;
			files = (
				45FEF97E2562FB6000D7B936 /* FirebaseFirestoreSwift-Beta in Frameworks */,
				45FEF97A2562FB6000D7B936 /* FirebaseAuth in Frameworks */,
				45FEF97C2562FB6000D7B936 /* FirebaseFirestore in Frameworks */,
			);
			runOnlyForDeploymentPostprocessing = 0;
		};
/* End PBXFrameworksBuildPhase section */

/* Begin PBXGroup section */
		45FEF94D2562EC9B00D7B936 = {
			isa = PBXGroup;
			children = (
				45FEF9752562F9AD00D7B936 /* GoogleService-Info.plist */,
				45FEF9582562EC9B00D7B936 /* LetsCook */,
				45FEF9572562EC9B00D7B936 /* Products */,
			);
			sourceTree = "<group>";
		};
		45FEF9572562EC9B00D7B936 /* Products */ = {
			isa = PBXGroup;
			children = (
				45FEF9562562EC9B00D7B936 /* LetsCook.app */,
			);
			name = Products;
			sourceTree = "<group>";
		};
		45FEF9582562EC9B00D7B936 /* LetsCook */ = {
			isa = PBXGroup;
			children = (
				45FEF9702562F1B900D7B936 /* Extensions */,
				45FEF96B2562EE6B00D7B936 /* Models */,
				45FEF96A2562EE6400D7B936 /* ViewModels */,
				45FEF9692562EE5C00D7B936 /* Views */,
				45FEF9592562EC9B00D7B936 /* LetsCookApp.swift */,
				45FEF95B2562EC9B00D7B936 /* ContentView.swift */,
				45FEF95D2562EC9C00D7B936 /* Assets.xcassets */,
				45FEF9622562EC9C00D7B936 /* Info.plist */,
				45FEF95F2562EC9C00D7B936 /* Preview Content */,
			);
			path = LetsCook;
			sourceTree = "<group>";
		};
		45FEF95F2562EC9C00D7B936 /* Preview Content */ = {
			isa = PBXGroup;
			children = (
				45FEF9602562EC9C00D7B936 /* Preview Assets.xcassets */,
			);
			path = "Preview Content";
			sourceTree = "<group>";
		};
		45FEF9692562EE5C00D7B936 /* Views */ = {
			isa = PBXGroup;
			children = (
				45FEF96D2562F11A00D7B936 /* LoginFormContainerView.swift */,
				45FEF983256304DE00D7B936 /* HomeView.swift */,
				45FEF9862563265700D7B936 /* RecipeView.swift */,
				453C239E2563346900ACD1EB /* SettingsView.swift */,
				453C23A12563366600ACD1EB /* RecipeDetailView.swift */,
				4514CCA32563F476004F0DDA /* SignUpView.swift */,
			);
			path = Views;
			sourceTree = "<group>";
		};
		45FEF96A2562EE6400D7B936 /* ViewModels */ = {
			isa = PBXGroup;
			children = (
				45FEF9892563276300D7B936 /* RecipeViewModel.swift */,
				45FEF9802562FEF600D7B936 /* LoginViewModel.swift */,
				45937E1B25646CE300E8BBA9 /* IngredientViewModel.swift */,
			);
			path = ViewModels;
			sourceTree = "<group>";
		};
		45FEF96B2562EE6B00D7B936 /* Models */ = {
			isa = PBXGroup;
			children = (
				45FEF98C2563277300D7B936 /* Recipe.swift */,
				45FEF98F256328B500D7B936 /* RecipeDifficulty.swift */,
				45937E1525641CAE00E8BBA9 /* User.swift */,
				45937E1825646B2000E8BBA9 /* Ingredient.swift */,
			);
			path = Models;
			sourceTree = "<group>";
		};
		45FEF9702562F1B900D7B936 /* Extensions */ = {
			isa = PBXGroup;
			children = (
				45FEF9712562F1D200D7B936 /* View+Extensions.swift */,
			);
			path = Extensions;
			sourceTree = "<group>";
		};
/* End PBXGroup section */

/* Begin PBXNativeTarget section */
		45FEF9552562EC9B00D7B936 /* LetsCook */ = {
			isa = PBXNativeTarget;
			buildConfigurationList = 45FEF9652562EC9C00D7B936 /* Build configuration list for PBXNativeTarget "LetsCook" */;
			buildPhases = (
				45FEF9522562EC9B00D7B936 /* Sources */,
				45FEF9532562EC9B00D7B936 /* Frameworks */,
				45FEF9542562EC9B00D7B936 /* Resources */,
			);
			buildRules = (
			);
			dependencies = (
			);
			name = LetsCook;
			packageProductDependencies = (
				45FEF9792562FB6000D7B936 /* FirebaseAuth */,
				45FEF97B2562FB6000D7B936 /* FirebaseFirestore */,
				45FEF97D2562FB6000D7B936 /* FirebaseFirestoreSwift-Beta */,
			);
			productName = LetsCook;
			productReference = 45FEF9562562EC9B00D7B936 /* LetsCook.app */;
			productType = "com.apple.product-type.application";
		};
/* End PBXNativeTarget section */

/* Begin PBXProject section */
		45FEF94E2562EC9B00D7B936 /* Project object */ = {
			isa = PBXProject;
			attributes = {
				LastSwiftUpdateCheck = 1220;
				LastUpgradeCheck = 1220;
				TargetAttributes = {
					45FEF9552562EC9B00D7B936 = {
						CreatedOnToolsVersion = 12.2;
					};
				};
			};
			buildConfigurationList = 45FEF9512562EC9B00D7B936 /* Build configuration list for PBXProject "LetsCook" */;
			compatibilityVersion = "Xcode 9.3";
			developmentRegion = en;
			hasScannedForEncodings = 0;
			knownRegions = (
				en,
				Base,
			);
			mainGroup = 45FEF94D2562EC9B00D7B936;
			packageReferences = (
				45FEF9782562FB6000D7B936 /* XCRemoteSwiftPackageReference "firebase-ios-sdk" */,
			);
			productRefGroup = 45FEF9572562EC9B00D7B936 /* Products */;
			projectDirPath = "";
			projectRoot = "";
			targets = (
				45FEF9552562EC9B00D7B936 /* LetsCook */,
			);
		};
/* End PBXProject section */

/* Begin PBXResourcesBuildPhase section */
		45FEF9542562EC9B00D7B936 /* Resources */ = {
			isa = PBXResourcesBuildPhase;
			buildActionMask = 2147483647;
			files = (
				45FEF9612562EC9C00D7B936 /* Preview Assets.xcassets in Resources */,
				45FEF9762562F9AD00D7B936 /* GoogleService-Info.plist in Resources */,
				45FEF95E2562EC9C00D7B936 /* Assets.xcassets in Resources */,
			);
			runOnlyForDeploymentPostprocessing = 0;
		};
/* End PBXResourcesBuildPhase section */

/* Begin PBXSourcesBuildPhase section */
		45FEF9522562EC9B00D7B936 /* Sources */ = {
			isa = PBXSourcesBuildPhase;
			buildActionMask = 2147483647;
			files = (
				45FEF95C2562EC9B00D7B936 /* ContentView.swift in Sources */,
				45FEF95A2562EC9B00D7B936 /* LetsCookApp.swift in Sources */,
				45937E1925646B2000E8BBA9 /* Ingredient.swift in Sources */,
				45FEF9722562F1D200D7B936 /* View+Extensions.swift in Sources */,
				45FEF98A2563276300D7B936 /* RecipeViewModel.swift in Sources */,
				45FEF9872563265700D7B936 /* RecipeView.swift in Sources */,
				45FEF984256304DE00D7B936 /* HomeView.swift in Sources */,
				45937E1625641CAE00E8BBA9 /* User.swift in Sources */,
				45FEF98D2563277300D7B936 /* Recipe.swift in Sources */,
				45937E1C25646CE400E8BBA9 /* IngredientViewModel.swift in Sources */,
				453C23A22563366600ACD1EB /* RecipeDetailView.swift in Sources */,
				4514CCA42563F476004F0DDA /* SignUpView.swift in Sources */,
				45FEF9812562FEF600D7B936 /* LoginViewModel.swift in Sources */,
				45FEF990256328B500D7B936 /* RecipeDifficulty.swift in Sources */,
				45FEF96E2562F11A00D7B936 /* LoginFormContainerView.swift in Sources */,
				453C239F2563346900ACD1EB /* SettingsView.swift in Sources */,
			);
			runOnlyForDeploymentPostprocessing = 0;
		};
/* End PBXSourcesBuildPhase section */

/* Begin XCBuildConfiguration section */
		45FEF9632562EC9C00D7B936 /* Debug */ = {
			isa = XCBuildConfiguration;
			buildSettings = {
				ALWAYS_SEARCH_USER_PATHS = NO;
				CLANG_ANALYZER_NONNULL = YES;
				CLANG_ANALYZER_NUMBER_OBJECT_CONVERSION = YES_AGGRESSIVE;
				CLANG_CXX_LANGUAGE_STANDARD = "gnu++14";
				CLANG_CXX_LIBRARY = "libc++";
				CLANG_ENABLE_MODULES = YES;
				CLANG_ENABLE_OBJC_ARC = YES;
				CLANG_ENABLE_OBJC_WEAK = YES;
				CLANG_WARN_BLOCK_CAPTURE_AUTORELEASING = YES;
				CLANG_WARN_BOOL_CONVERSION = YES;
				CLANG_WARN_COMMA = YES;
				CLANG_WARN_CONSTANT_CONVERSION = YES;
				CLANG_WARN_DEPRECATED_OBJC_IMPLEMENTATIONS = YES;
				CLANG_WARN_DIRECT_OBJC_ISA_USAGE = YES_ERROR;
				CLANG_WARN_DOCUMENTATION_COMMENTS = YES;
				CLANG_WARN_EMPTY_BODY = YES;
				CLANG_WARN_ENUM_CONVERSION = YES;
				CLANG_WARN_INFINITE_RECURSION = YES;
				CLANG_WARN_INT_CONVERSION = YES;
				CLANG_WARN_NON_LITERAL_NULL_CONVERSION = YES;
				CLANG_WARN_OBJC_IMPLICIT_RETAIN_SELF = YES;
				CLANG_WARN_OBJC_LITERAL_CONVERSION = YES;
				CLANG_WARN_OBJC_ROOT_CLASS = YES_ERROR;
				CLANG_WARN_QUOTED_INCLUDE_IN_FRAMEWORK_HEADER = YES;
				CLANG_WARN_RANGE_LOOP_ANALYSIS = YES;
				CLANG_WARN_STRICT_PROTOTYPES = YES;
				CLANG_WARN_SUSPICIOUS_MOVE = YES;
				CLANG_WARN_UNGUARDED_AVAILABILITY = YES_AGGRESSIVE;
				CLANG_WARN_UNREACHABLE_CODE = YES;
				CLANG_WARN__DUPLICATE_METHOD_MATCH = YES;
				COPY_PHASE_STRIP = NO;
				DEBUG_INFORMATION_FORMAT = dwarf;
				ENABLE_STRICT_OBJC_MSGSEND = YES;
				ENABLE_TESTABILITY = YES;
				GCC_C_LANGUAGE_STANDARD = gnu11;
				GCC_DYNAMIC_NO_PIC = NO;
				GCC_NO_COMMON_BLOCKS = YES;
				GCC_OPTIMIZATION_LEVEL = 0;
				GCC_PREPROCESSOR_DEFINITIONS = (
					"DEBUG=1",
					"$(inherited)",
				);
				GCC_WARN_64_TO_32_BIT_CONVERSION = YES;
				GCC_WARN_ABOUT_RETURN_TYPE = YES_ERROR;
				GCC_WARN_UNDECLARED_SELECTOR = YES;
				GCC_WARN_UNINITIALIZED_AUTOS = YES_AGGRESSIVE;
				GCC_WARN_UNUSED_FUNCTION = YES;
				GCC_WARN_UNUSED_VARIABLE = YES;
				IPHONEOS_DEPLOYMENT_TARGET = 14.2;
				MTL_ENABLE_DEBUG_INFO = INCLUDE_SOURCE;
				MTL_FAST_MATH = YES;
				ONLY_ACTIVE_ARCH = YES;
				SDKROOT = iphoneos;
				SWIFT_ACTIVE_COMPILATION_CONDITIONS = DEBUG;
				SWIFT_OPTIMIZATION_LEVEL = "-Onone";
			};
			name = Debug;
		};
		45FEF9642562EC9C00D7B936 /* Release */ = {
			isa = XCBuildConfiguration;
			buildSettings = {
				ALWAYS_SEARCH_USER_PATHS = NO;
				CLANG_ANALYZER_NONNULL = YES;
				CLANG_ANALYZER_NUMBER_OBJECT_CONVERSION = YES_AGGRESSIVE;
				CLANG_CXX_LANGUAGE_STANDARD = "gnu++14";
				CLANG_CXX_LIBRARY = "libc++";
				CLANG_ENABLE_MODULES = YES;
				CLANG_ENABLE_OBJC_ARC = YES;
				CLANG_ENABLE_OBJC_WEAK = YES;
				CLANG_WARN_BLOCK_CAPTURE_AUTORELEASING = YES;
				CLANG_WARN_BOOL_CONVERSION = YES;
				CLANG_WARN_COMMA = YES;
				CLANG_WARN_CONSTANT_CONVERSION = YES;
				CLANG_WARN_DEPRECATED_OBJC_IMPLEMENTATIONS = YES;
				CLANG_WARN_DIRECT_OBJC_ISA_USAGE = YES_ERROR;
				CLANG_WARN_DOCUMENTATION_COMMENTS = YES;
				CLANG_WARN_EMPTY_BODY = YES;
				CLANG_WARN_ENUM_CONVERSION = YES;
				CLANG_WARN_INFINITE_RECURSION = YES;
				CLANG_WARN_INT_CONVERSION = YES;
				CLANG_WARN_NON_LITERAL_NULL_CONVERSION = YES;
				CLANG_WARN_OBJC_IMPLICIT_RETAIN_SELF = YES;
				CLANG_WARN_OBJC_LITERAL_CONVERSION = YES;
				CLANG_WARN_OBJC_ROOT_CLASS = YES_ERROR;
				CLANG_WARN_QUOTED_INCLUDE_IN_FRAMEWORK_HEADER = YES;
				CLANG_WARN_RANGE_LOOP_ANALYSIS = YES;
				CLANG_WARN_STRICT_PROTOTYPES = YES;
				CLANG_WARN_SUSPICIOUS_MOVE = YES;
				CLANG_WARN_UNGUARDED_AVAILABILITY = YES_AGGRESSIVE;
				CLANG_WARN_UNREACHABLE_CODE = YES;
				CLANG_WARN__DUPLICATE_METHOD_MATCH = YES;
				COPY_PHASE_STRIP = NO;
				DEBUG_INFORMATION_FORMAT = "dwarf-with-dsym";
				ENABLE_NS_ASSERTIONS = NO;
				ENABLE_STRICT_OBJC_MSGSEND = YES;
				GCC_C_LANGUAGE_STANDARD = gnu11;
				GCC_NO_COMMON_BLOCKS = YES;
				GCC_WARN_64_TO_32_BIT_CONVERSION = YES;
				GCC_WARN_ABOUT_RETURN_TYPE = YES_ERROR;
				GCC_WARN_UNDECLARED_SELECTOR = YES;
				GCC_WARN_UNINITIALIZED_AUTOS = YES_AGGRESSIVE;
				GCC_WARN_UNUSED_FUNCTION = YES;
				GCC_WARN_UNUSED_VARIABLE = YES;
				IPHONEOS_DEPLOYMENT_TARGET = 14.2;
				MTL_ENABLE_DEBUG_INFO = NO;
				MTL_FAST_MATH = YES;
				SDKROOT = iphoneos;
				SWIFT_COMPILATION_MODE = wholemodule;
				SWIFT_OPTIMIZATION_LEVEL = "-O";
				VALIDATE_PRODUCT = YES;
			};
			name = Release;
		};
		45FEF9662562EC9C00D7B936 /* Debug */ = {
			isa = XCBuildConfiguration;
			buildSettings = {
				ASSETCATALOG_COMPILER_APPICON_NAME = AppIcon;
				ASSETCATALOG_COMPILER_GLOBAL_ACCENT_COLOR_NAME = AccentColor;
				CODE_SIGN_STYLE = Automatic;
				DEVELOPMENT_ASSET_PATHS = "\"LetsCook/Preview Content\"";
				ENABLE_PREVIEWS = YES;
				INFOPLIST_FILE = LetsCook/Info.plist;
				IPHONEOS_DEPLOYMENT_TARGET = 14.0;
				LD_RUNPATH_SEARCH_PATHS = (
					"$(inherited)",
					"@executable_path/Frameworks",
				);
				PRODUCT_BUNDLE_IDENTIFIER = rit.LetsCook;
				PRODUCT_NAME = "$(TARGET_NAME)";
				SWIFT_VERSION = 5.0;
				TARGETED_DEVICE_FAMILY = "1,2";
			};
			name = Debug;
		};
		45FEF9672562EC9C00D7B936 /* Release */ = {
			isa = XCBuildConfiguration;
			buildSettings = {
				ASSETCATALOG_COMPILER_APPICON_NAME = AppIcon;
				ASSETCATALOG_COMPILER_GLOBAL_ACCENT_COLOR_NAME = AccentColor;
				CODE_SIGN_STYLE = Automatic;
				DEVELOPMENT_ASSET_PATHS = "\"LetsCook/Preview Content\"";
				ENABLE_PREVIEWS = YES;
				INFOPLIST_FILE = LetsCook/Info.plist;
				IPHONEOS_DEPLOYMENT_TARGET = 14.0;
				LD_RUNPATH_SEARCH_PATHS = (
					"$(inherited)",
					"@executable_path/Frameworks",
				);
				PRODUCT_BUNDLE_IDENTIFIER = rit.LetsCook;
				PRODUCT_NAME = "$(TARGET_NAME)";
				SWIFT_VERSION = 5.0;
				TARGETED_DEVICE_FAMILY = "1,2";
			};
			name = Release;
		};
/* End XCBuildConfiguration section */

/* Begin XCConfigurationList section */
		45FEF9512562EC9B00D7B936 /* Build configuration list for PBXProject "LetsCook" */ = {
			isa = XCConfigurationList;
			buildConfigurations = (
				45FEF9632562EC9C00D7B936 /* Debug */,
				45FEF9642562EC9C00D7B936 /* Release */,
			);
			defaultConfigurationIsVisible = 0;
			defaultConfigurationName = Release;
		};
		45FEF9652562EC9C00D7B936 /* Build configuration list for PBXNativeTarget "LetsCook" */ = {
			isa = XCConfigurationList;
			buildConfigurations = (
				45FEF9662562EC9C00D7B936 /* Debug */,
				45FEF9672562EC9C00D7B936 /* Release */,
			);
			defaultConfigurationIsVisible = 0;
			defaultConfigurationName = Release;
		};
/* End XCConfigurationList section */

/* Begin XCRemoteSwiftPackageReference section */
		45FEF9782562FB6000D7B936 /* XCRemoteSwiftPackageReference "firebase-ios-sdk" */ = {
			isa = XCRemoteSwiftPackageReference;
			repositoryURL = "https://github.com/firebase/firebase-ios-sdk.git";
			requirement = {
				kind = upToNextMajorVersion;
				minimumVersion = 7.1.0;
			};
		};
/* End XCRemoteSwiftPackageReference section */

/* Begin XCSwiftPackageProductDependency section */
		45FEF9792562FB6000D7B936 /* FirebaseAuth */ = {
			isa = XCSwiftPackageProductDependency;
			package = 45FEF9782562FB6000D7B936 /* XCRemoteSwiftPackageReference "firebase-ios-sdk" */;
			productName = FirebaseAuth;
		};
		45FEF97B2562FB6000D7B936 /* FirebaseFirestore */ = {
			isa = XCSwiftPackageProductDependency;
			package = 45FEF9782562FB6000D7B936 /* XCRemoteSwiftPackageReference "firebase-ios-sdk" */;
			productName = FirebaseFirestore;
		};
		45FEF97D2562FB6000D7B936 /* FirebaseFirestoreSwift-Beta */ = {
			isa = XCSwiftPackageProductDependency;
			package = 45FEF9782562FB6000D7B936 /* XCRemoteSwiftPackageReference "firebase-ios-sdk" */;
			productName = "FirebaseFirestoreSwift-Beta";
		};
/* End XCSwiftPackageProductDependency section */
	};
	rootObject = 45FEF94E2562EC9B00D7B936 /* Project object */;
}
